# This file is generated by running "yarn install" inside your project.
# Manual changes might be lost - proceed with caution!

__metadata:
  version: 4
  cacheKey: 8

"@types/node-fetch@npm:^2.5.11":
  version: 2.5.12
  resolution: "@types/node-fetch@npm:2.5.12"
  dependencies:
    "@types/node": "*"
    form-data: ^3.0.0
  checksum: ad63c85ba6a9477b8e057ec8682257738130d98e8ece4e31141789bd99df9d9147985cc8bc0cb5c8983ed5aa6bb95d46df23d1e055f4ad5cf8b82fc69cf626c7
  languageName: node
  linkType: hard

"@types/node@npm:*":
  version: 16.6.1
  resolution: "@types/node@npm:16.6.1"
  checksum: c13aa0da0c2bf9070e521d1b537ba38f64b213dd1b8aeec66c279fc21f8c0ccaf380364f6dc2ec8f84440c4cd1460b67dfe47de2cafcb6eaf4b648817cb27dc4
  languageName: node
  linkType: hard

"asynckit@npm:^0.4.0":
  version: 0.4.0
  resolution: "asynckit@npm:0.4.0"
  checksum: 7b78c451df768adba04e2d02e63e2d0bf3b07adcd6e42b4cf665cb7ce899bedd344c69a1dcbce355b5f972d597b25aaa1c1742b52cffd9caccb22f348114f6be
  languageName: node
  linkType: hard

"combined-stream@npm:^1.0.8":
  version: 1.0.8
  resolution: "combined-stream@npm:1.0.8"
  dependencies:
    delayed-stream: ~1.0.0
  checksum: 49fa4aeb4916567e33ea81d088f6584749fc90c7abec76fd516bf1c5aa5c79f3584b5ba3de6b86d26ddd64bae5329c4c7479343250cfe71c75bb366eae53bb7c
  languageName: node
  linkType: hard

"delayed-stream@npm:~1.0.0":
  version: 1.0.0
  resolution: "delayed-stream@npm:1.0.0"
  checksum: 46fe6e83e2cb1d85ba50bd52803c68be9bd953282fa7096f51fc29edd5d67ff84ff753c51966061e5ba7cb5e47ef6d36a91924eddb7f3f3483b1c560f77a0020
  languageName: node
  linkType: hard

"fakturoid-sdk@workspace:.":
  version: 0.0.0-use.local
  resolution: "fakturoid-sdk@workspace:."
  dependencies:
    "@types/node-fetch": ^2.5.11
    fputils: ^1.2.4
    node-fetch: ^2.6.1
    typescript: ~4.3.5
  languageName: unknown
  linkType: soft

"form-data@npm:^3.0.0":
  version: 3.0.1
  resolution: "form-data@npm:3.0.1"
  dependencies:
    asynckit: ^0.4.0
    combined-stream: ^1.0.8
    mime-types: ^2.1.12
  checksum: b019e8d35c8afc14a2bd8a7a92fa4f525a4726b6d5a9740e8d2623c30e308fbb58dc8469f90415a856698933c8479b01646a9dff33c87cc4e76d72aedbbf860d
  languageName: node
  linkType: hard

"fputils@npm:^1.2.4":
  version: 1.2.7
  resolution: "fputils@npm:1.2.7"
  checksum: 6c1ff3818223b2f2e06b7c55954c2aeed1e41db18a30efb94554134725fe5509c61720969876dbd8c2a0c031a4fbd8ef73036c826edadeda5a167be6074d85d3
  languageName: node
  linkType: hard

"mime-db@npm:1.49.0":
  version: 1.49.0
  resolution: "mime-db@npm:1.49.0"
  checksum: 3744efc45b17896ff8a5934a761c434d5ffe3c7816662002d799ca9934347e00f99ae4d9b4ddf1c48d391cc9e522cc4523a6e77e7701f8e27c426e3e1d6e215a
  languageName: node
  linkType: hard

"mime-types@npm:^2.1.12":
  version: 2.1.32
  resolution: "mime-types@npm:2.1.32"
  dependencies:
    mime-db: 1.49.0
  checksum: 4487dfd2f872126d2c219ec731ad47a6169a438d5a4cce6ecef7594ce08eaefaf0d85429485a76ec005f095016c7ec488a24cf8bfcc0ea06de0355e23395746f
  languageName: node
  linkType: hard

"node-fetch@npm:^2.6.1":
  version: 2.6.1
  resolution: "node-fetch@npm:2.6.1"
  checksum: 91075bedd57879117e310fbcc36983ad5d699e522edb1ebcdc4ee5294c982843982652925c3532729fdc86b2d64a8a827797a745f332040d91823c8752ee4d7c
  languageName: node
  linkType: hard

"typescript@patch:typescript@~4.3.5#~builtin<compat/typescript>":
  version: 4.3.5
  resolution: "typescript@patch:typescript@npm%3A4.3.5#~builtin<compat/typescript>::version=4.3.5&hash=d8b4e7"
  bin:
    tsc: bin/tsc
    tsserver: bin/tsserver
  checksum: bc2c4fdf0f1557fdafe4ef74848c72ebd9c8c60829568248f869121aea2bb20e16649a252431d0acb185ec118143be22bed73d08f64379557810d82756afedde
  languageName: node
  linkType: hard

typescript@~4.3.5:
  version: 4.3.5
  resolution: "typescript@npm:4.3.5"
  bin:
    tsc: bin/tsc
    tsserver: bin/tsserver
  checksum: bab033b5e2b0790dd35b77fd005df976ef80b8d84fd2c6e63cc31808151875beae9216e5a315fe7068e8499905c3c354248fe83272cdfc13b7705635f0c66c97
  languageName: node
  linkType: hard
